
Microsoft Visual Studio Solution File, Format Version 12.00
# Visual Studio Version 16
VisualStudioVersion = 16.0.30011.22
MinimumVisualStudioVersion = 10.0.40219.1
Project("{FAE04EC0-301F-11D3-BF4B-00C04F79EFBC}") = "JaggedArrays", "JaggedArrays\JaggedArrays.csproj", "{762DF477-95BC-451B-9D94-3978E89EE434}"
EndProject
Global
	GlobalSection(SolutionConfigurationPlatforms) = preSolution
		Debug|Any CPU = Debug|Any CPU
		Release|Any CPU = Release|Any CPU
	EndGlobalSection
	GlobalSection(ProjectConfigurationPlatforms) = postSolution
		{762DF477-95BC-451B-9D94-3978E89EE434}.Debug|Any CPU.ActiveCfg = Debug|Any CPU
		{762DF477-95BC-451B-9D94-3978E89EE434}.Debug|Any CPU.Build.0 = Debug|Any CPU
		{762DF477-95BC-451B-9D94-3978E89EE434}.Release|Any CPU.ActiveCfg = Release|Any CPU
		{762DF477-95BC-451B-9D94-3978E89EE434}.Release|Any CPU.Build.0 = Release|Any CPU
	EndGlobalSection
	GlobalSection(SolutionProperties) = preSolution
		HideSolutionNode = FALSE
	EndGlobalSection
	GlobalSection(ExtensibilityGlobals) = postSolution
		SolutionGuid = {ACFBB137-B0E0-415F-9101-949BE9127A7A}
	EndGlobalSection
EndGlobal
